
Microsoft Visual Studio Solution File, Format Version 12.00
# Visual Studio Version 16
VisualStudioVersion = 16.0.31729.503
MinimumVisualStudioVersion = 10.0.40219.1
Project("{FAE04EC0-301F-11D3-BF4B-00C04F79EFBC}") = "Reklamacka.Android", "Reklamacka\Reklamacka.Android\Reklamacka.Android.csproj", "{6C310CDB-990C-4C08-A674-B20CCE391290}"
EndProject
Project("{FAE04EC0-301F-11D3-BF4B-00C04F79EFBC}") = "Reklamacka.iOS", "Reklamacka\Reklamacka.iOS\Reklamacka.iOS.csproj", "{08D698BC-722C-4E9D-918E-EB906A243BE7}"
EndProject
Project("{9A19103F-16F7-4668-BE54-9A1E7A4F7556}") = "Reklamacka", "Reklamacka\Reklamacka\Reklamacka.csproj", "{A2748A69-DCCE-4467-A7C5-37B726792F6B}"
EndProject
Project("{2150E333-8FDC-42A3-9474-1A3956D46DE8}") = "Solution Items", "Solution Items", "{629FA0D7-D675-464D-B8AB-FE06409C4B94}"
	ProjectSection(SolutionItems) = preProject
		.editorconfig = .editorconfig
	EndProjectSection
EndProject
Global
	GlobalSection(SolutionConfigurationPlatforms) = preSolution
		Debug|Any CPU = Debug|Any CPU
		Debug|iPhone = Debug|iPhone
		Debug|iPhoneSimulator = Debug|iPhoneSimulator
		Release|Any CPU = Release|Any CPU
		Release|iPhone = Release|iPhone
		Release|iPhoneSimulator = Release|iPhoneSimulator
	EndGlobalSection
	GlobalSection(ProjectConfigurationPlatforms) = postSolution
		{6C310CDB-990C-4C08-A674-B20CCE391290}.Debug|Any CPU.ActiveCfg = Debug|Any CPU
		{6C310CDB-990C-4C08-A674-B20CCE391290}.Debug|Any CPU.Build.0 = Debug|Any CPU
		{6C310CDB-990C-4C08-A674-B20CCE391290}.Debug|Any CPU.Deploy.0 = Debug|Any CPU
		{6C310CDB-990C-4C08-A674-B20CCE391290}.Debug|iPhone.ActiveCfg = Debug|Any CPU
		{6C310CDB-990C-4C08-A674-B20CCE391290}.Debug|iPhone.Build.0 = Debug|Any CPU
		{6C310CDB-990C-4C08-A674-B20CCE391290}.Debug|iPhone.Deploy.0 = Debug|Any CPU
		{6C310CDB-990C-4C08-A674-B20CCE391290}.Debug|iPhoneSimulator.ActiveCfg = Debug|Any CPU
		{6C310CDB-990C-4C08-A674-B20CCE391290}.Debug|iPhoneSimulator.Build.0 = Debug|Any CPU
		{6C310CDB-990C-4C08-A674-B20CCE391290}.Debug|iPhoneSimulator.Deploy.0 = Debug|Any CPU
		{6C310CDB-990C-4C08-A674-B20CCE391290}.Release|Any CPU.ActiveCfg = Release|Any CPU
		{6C310CDB-990C-4C08-A674-B20CCE391290}.Release|Any CPU.Build.0 = Release|Any CPU
		{6C310CDB-990C-4C08-A674-B20CCE391290}.Release|Any CPU.Deploy.0 = Release|Any CPU
		{6C310CDB-990C-4C08-A674-B20CCE391290}.Release|iPhone.ActiveCfg = Release|Any CPU
		{6C310CDB-990C-4C08-A674-B20CCE391290}.Release|iPhone.Build.0 = Release|Any CPU
		{6C310CDB-990C-4C08-A674-B20CCE391290}.Release|iPhone.Deploy.0 = Release|Any CPU
		{6C310CDB-990C-4C08-A674-B20CCE391290}.Release|iPhoneSimulator.ActiveCfg = Release|Any CPU
		{6C310CDB-990C-4C08-A674-B20CCE391290}.Release|iPhoneSimulator.Build.0 = Release|Any CPU
		{6C310CDB-990C-4C08-A674-B20CCE391290}.Release|iPhoneSimulator.Deploy.0 = Release|Any CPU
		{08D698BC-722C-4E9D-918E-EB906A243BE7}.Debug|Any CPU.ActiveCfg = Debug|iPhone
		{08D698BC-722C-4E9D-918E-EB906A243BE7}.Debug|Any CPU.Deploy.0 = Debug|iPhone
		{08D698BC-722C-4E9D-918E-EB906A243BE7}.Debug|iPhone.ActiveCfg = Debug|iPhone
		{08D698BC-722C-4E9D-918E-EB906A243BE7}.Debug|iPhone.Build.0 = Debug|iPhone
		{08D698BC-722C-4E9D-918E-EB906A243BE7}.Debug|iPhone.Deploy.0 = Debug|iPhone
		{08D698BC-722C-4E9D-918E-EB906A243BE7}.Debug|iPhoneSimulator.ActiveCfg = Debug|iPhoneSimulator
		{08D698BC-722C-4E9D-918E-EB906A243BE7}.Debug|iPhoneSimulator.Build.0 = Debug|iPhoneSimulator
		{08D698BC-722C-4E9D-918E-EB906A243BE7}.Debug|iPhoneSimulator.Deploy.0 = Debug|iPhoneSimulator
		{08D698BC-722C-4E9D-918E-EB906A243BE7}.Release|Any CPU.ActiveCfg = Release|iPhoneSimulator
		{08D698BC-722C-4E9D-918E-EB906A243BE7}.Release|Any CPU.Build.0 = Release|iPhoneSimulator
		{08D698BC-722C-4E9D-918E-EB906A243BE7}.Release|Any CPU.Deploy.0 = Release|iPhoneSimulator
		{08D698BC-722C-4E9D-918E-EB906A243BE7}.Release|iPhone.ActiveCfg = Release|iPhone
		{08D698BC-722C-4E9D-918E-EB906A243BE7}.Release|iPhone.Build.0 = Release|iPhone
		{08D698BC-722C-4E9D-918E-EB906A243BE7}.Release|iPhone.Deploy.0 = Release|iPhone
		{08D698BC-722C-4E9D-918E-EB906A243BE7}.Release|iPhoneSimulator.ActiveCfg = Release|iPhoneSimulator
		{08D698BC-722C-4E9D-918E-EB906A243BE7}.Release|iPhoneSimulator.Build.0 = Release|iPhoneSimulator
		{08D698BC-722C-4E9D-918E-EB906A243BE7}.Release|iPhoneSimulator.Deploy.0 = Release|iPhoneSimulator
		{A2748A69-DCCE-4467-A7C5-37B726792F6B}.Debug|Any CPU.ActiveCfg = Debug|Any CPU
		{A2748A69-DCCE-4467-A7C5-37B726792F6B}.Debug|Any CPU.Build.0 = Debug|Any CPU
		{A2748A69-DCCE-4467-A7C5-37B726792F6B}.Debug|Any CPU.Deploy.0 = Debug|Any CPU
		{A2748A69-DCCE-4467-A7C5-37B726792F6B}.Debug|iPhone.ActiveCfg = Debug|Any CPU
		{A2748A69-DCCE-4467-A7C5-37B726792F6B}.Debug|iPhone.Build.0 = Debug|Any CPU
		{A2748A69-DCCE-4467-A7C5-37B726792F6B}.Debug|iPhone.Deploy.0 = Debug|Any CPU
		{A2748A69-DCCE-4467-A7C5-37B726792F6B}.Debug|iPhoneSimulator.ActiveCfg = Debug|Any CPU
		{A2748A69-DCCE-4467-A7C5-37B726792F6B}.Debug|iPhoneSimulator.Build.0 = Debug|Any CPU
		{A2748A69-DCCE-4467-A7C5-37B726792F6B}.Debug|iPhoneSimulator.Deploy.0 = Debug|Any CPU
		{A2748A69-DCCE-4467-A7C5-37B726792F6B}.Release|Any CPU.ActiveCfg = Release|Any CPU
		{A2748A69-DCCE-4467-A7C5-37B726792F6B}.Release|Any CPU.Build.0 = Release|Any CPU
		{A2748A69-DCCE-4467-A7C5-37B726792F6B}.Release|Any CPU.Deploy.0 = Release|Any CPU
		{A2748A69-DCCE-4467-A7C5-37B726792F6B}.Release|iPhone.ActiveCfg = Release|Any CPU
		{A2748A69-DCCE-4467-A7C5-37B726792F6B}.Release|iPhone.Build.0 = Release|Any CPU
		{A2748A69-DCCE-4467-A7C5-37B726792F6B}.Release|iPhone.Deploy.0 = Release|Any CPU
		{A2748A69-DCCE-4467-A7C5-37B726792F6B}.Release|iPhoneSimulator.ActiveCfg = Release|Any CPU
		{A2748A69-DCCE-4467-A7C5-37B726792F6B}.Release|iPhoneSimulator.Build.0 = Release|Any CPU
		{A2748A69-DCCE-4467-A7C5-37B726792F6B}.Release|iPhoneSimulator.Deploy.0 = Release|Any CPU
	EndGlobalSection
	GlobalSection(SolutionProperties) = preSolution
		HideSolutionNode = FALSE
	EndGlobalSection
	GlobalSection(ExtensibilityGlobals) = postSolution
		SolutionGuid = {42543250-12B4-4854-8ECB-536647CE4C7B}
	EndGlobalSection
EndGlobal
